
Microsoft Visual Studio Solution File, Format Version 12.00
# Visual Studio Version 16
VisualStudioVersion = 16.0.30011.22
MinimumVisualStudioVersion = 10.0.40219.1
Project("{9A19103F-16F7-4668-BE54-9A1E7A4F7556}") = "DbContextTool", "DbContextTool\DbContextTool.csproj", "{0291E874-7008-4E66-A671-5F08F01AA4F5}"
EndProject
Project("{FAE04EC0-301F-11D3-BF4B-00C04F79EFBC}") = "DbContextTool.VS2019", "DbContextToolVSIX\DbContextTool.VS2019.csproj", "{597517E1-4053-4ED5-9A7C-DFAE73E2988C}"
EndProject
Global
	GlobalSection(SolutionConfigurationPlatforms) = preSolution
		Debug|Any CPU = Debug|Any CPU
		Release|Any CPU = Release|Any CPU
	EndGlobalSection
	GlobalSection(ProjectConfigurationPlatforms) = postSolution
		{0291E874-7008-4E66-A671-5F08F01AA4F5}.Debug|Any CPU.ActiveCfg = Debug|Any CPU
		{0291E874-7008-4E66-A671-5F08F01AA4F5}.Debug|Any CPU.Build.0 = Debug|Any CPU
		{0291E874-7008-4E66-A671-5F08F01AA4F5}.Release|Any CPU.ActiveCfg = Release|Any CPU
		{0291E874-7008-4E66-A671-5F08F01AA4F5}.Release|Any CPU.Build.0 = Release|Any CPU
		{597517E1-4053-4ED5-9A7C-DFAE73E2988C}.Debug|Any CPU.ActiveCfg = Debug|Any CPU
		{597517E1-4053-4ED5-9A7C-DFAE73E2988C}.Debug|Any CPU.Build.0 = Debug|Any CPU
		{597517E1-4053-4ED5-9A7C-DFAE73E2988C}.Release|Any CPU.ActiveCfg = Release|Any CPU
		{597517E1-4053-4ED5-9A7C-DFAE73E2988C}.Release|Any CPU.Build.0 = Release|Any CPU
	EndGlobalSection
	GlobalSection(SolutionProperties) = preSolution
		HideSolutionNode = FALSE
	EndGlobalSection
	GlobalSection(ExtensibilityGlobals) = postSolution
		SolutionGuid = {03798D37-BC41-4DFE-8340-3771F5619656}
	EndGlobalSection
EndGlobal
